
Microsoft Visual Studio Solution File, Format Version 12.00
# Visual Studio Version 17
VisualStudioVersion = 17.0.31903.59
MinimumVisualStudioVersion = 10.0.40219.1
Project("{2150E333-8FDC-42A3-9474-1A3956D46DE8}") = "src", "src", "{19B8912D-CE18-42AC-B47C-C9CC6BA86311}"
EndProject
Project("{FAE04EC0-301F-11D3-BF4B-00C04F79EFBC}") = "fontend", "src\fontend\fontend.csproj", "{03D343AE-8C8E-4FED-A49D-E5A1CFD8B9E9}"
EndProject
Project("{FAE04EC0-301F-11D3-BF4B-00C04F79EFBC}") = "backend", "src\backend\backend.csproj", "{07063591-2327-4800-9417-A33583DBA9D5}"
EndProject
Global
	GlobalSection(SolutionConfigurationPlatforms) = preSolution
		Debug|Any CPU = Debug|Any CPU
		Release|Any CPU = Release|Any CPU
	EndGlobalSection
	GlobalSection(SolutionProperties) = preSolution
		HideSolutionNode = FALSE
	EndGlobalSection
	GlobalSection(ProjectConfigurationPlatforms) = postSolution
		{03D343AE-8C8E-4FED-A49D-E5A1CFD8B9E9}.Debug|Any CPU.ActiveCfg = Debug|Any CPU
		{03D343AE-8C8E-4FED-A49D-E5A1CFD8B9E9}.Debug|Any CPU.Build.0 = Debug|Any CPU
		{03D343AE-8C8E-4FED-A49D-E5A1CFD8B9E9}.Release|Any CPU.ActiveCfg = Release|Any CPU
		{03D343AE-8C8E-4FED-A49D-E5A1CFD8B9E9}.Release|Any CPU.Build.0 = Release|Any CPU
		{07063591-2327-4800-9417-A33583DBA9D5}.Debug|Any CPU.ActiveCfg = Debug|Any CPU
		{07063591-2327-4800-9417-A33583DBA9D5}.Debug|Any CPU.Build.0 = Debug|Any CPU
		{07063591-2327-4800-9417-A33583DBA9D5}.Release|Any CPU.ActiveCfg = Release|Any CPU
		{07063591-2327-4800-9417-A33583DBA9D5}.Release|Any CPU.Build.0 = Release|Any CPU
	EndGlobalSection
	GlobalSection(NestedProjects) = preSolution
		{03D343AE-8C8E-4FED-A49D-E5A1CFD8B9E9} = {19B8912D-CE18-42AC-B47C-C9CC6BA86311}
		{07063591-2327-4800-9417-A33583DBA9D5} = {19B8912D-CE18-42AC-B47C-C9CC6BA86311}
	EndGlobalSection
EndGlobal
